
Microsoft Visual Studio Solution File, Format Version 12.00
# Visual Studio 15
Project("{FAE04EC0-301F-11D3-BF4B-00C04F79EFBC}") = "MelbourneModernApps.Android", "MelbourneModernApps.Android\MelbourneModernApps.Android.csproj", "{AB9EBB6C-9184-495A-A49C-109647E5D3E1}"
EndProject
Project("{FAE04EC0-301F-11D3-BF4B-00C04F79EFBC}") = "MelbourneModernApps.iOS", "MelbourneModernApps.iOS\MelbourneModernApps.iOS.csproj", "{4FF78474-FBA2-4DA4-A574-9CD31855C7DC}"
EndProject
Project("{FAE04EC0-301F-11D3-BF4B-00C04F79EFBC}") = "MelbourneModernApps.Forms", "MelbourneModernApps\MelbourneModernApps.Forms.csproj", "{BFA51BBB-9E92-415C-9303-9751873DCBC1}"
EndProject
Project("{FAE04EC0-301F-11D3-BF4B-00C04F79EFBC}") = "MelbourneModernApp.Core", "MelbourneModernApp.Core\MelbourneModernApp.Core.csproj", "{D9C3012C-CD64-4665-9923-53C427129C5B}"
EndProject
Project("{FAE04EC0-301F-11D3-BF4B-00C04F79EFBC}") = "MelbourneModernApps.BlazorWasm", "MelbourneModernApps.BlazorWasm\MelbourneModernApps.BlazorWasm.csproj", "{1FC50124-2743-4E36-8CED-4CC38662D0C1}"
EndProject
Global
	GlobalSection(SolutionConfigurationPlatforms) = preSolution
		Debug|Any CPU = Debug|Any CPU
		Release|Any CPU = Release|Any CPU
		Debug|iPhoneSimulator = Debug|iPhoneSimulator
		Release|iPhoneSimulator = Release|iPhoneSimulator
		Debug|iPhone = Debug|iPhone
		Release|iPhone = Release|iPhone
	EndGlobalSection
	GlobalSection(ProjectConfigurationPlatforms) = postSolution
		{AB9EBB6C-9184-495A-A49C-109647E5D3E1}.Debug|Any CPU.ActiveCfg = Debug|Any CPU
		{AB9EBB6C-9184-495A-A49C-109647E5D3E1}.Debug|Any CPU.Build.0 = Debug|Any CPU
		{AB9EBB6C-9184-495A-A49C-109647E5D3E1}.Release|Any CPU.ActiveCfg = Release|Any CPU
		{AB9EBB6C-9184-495A-A49C-109647E5D3E1}.Release|Any CPU.Build.0 = Release|Any CPU
		{AB9EBB6C-9184-495A-A49C-109647E5D3E1}.Debug|iPhoneSimulator.ActiveCfg = Debug|Any CPU
		{AB9EBB6C-9184-495A-A49C-109647E5D3E1}.Debug|iPhoneSimulator.Build.0 = Debug|Any CPU
		{AB9EBB6C-9184-495A-A49C-109647E5D3E1}.Release|iPhoneSimulator.ActiveCfg = Release|Any CPU
		{AB9EBB6C-9184-495A-A49C-109647E5D3E1}.Release|iPhoneSimulator.Build.0 = Release|Any CPU
		{AB9EBB6C-9184-495A-A49C-109647E5D3E1}.Debug|iPhone.ActiveCfg = Debug|Any CPU
		{AB9EBB6C-9184-495A-A49C-109647E5D3E1}.Debug|iPhone.Build.0 = Debug|Any CPU
		{AB9EBB6C-9184-495A-A49C-109647E5D3E1}.Release|iPhone.ActiveCfg = Release|Any CPU
		{AB9EBB6C-9184-495A-A49C-109647E5D3E1}.Release|iPhone.Build.0 = Release|Any CPU
		{4FF78474-FBA2-4DA4-A574-9CD31855C7DC}.Debug|Any CPU.ActiveCfg = Debug|iPhoneSimulator
		{4FF78474-FBA2-4DA4-A574-9CD31855C7DC}.Debug|Any CPU.Build.0 = Debug|iPhoneSimulator
		{4FF78474-FBA2-4DA4-A574-9CD31855C7DC}.Release|Any CPU.ActiveCfg = Release|iPhoneSimulator
		{4FF78474-FBA2-4DA4-A574-9CD31855C7DC}.Release|Any CPU.Build.0 = Release|iPhoneSimulator
		{4FF78474-FBA2-4DA4-A574-9CD31855C7DC}.Debug|iPhoneSimulator.ActiveCfg = Debug|iPhoneSimulator
		{4FF78474-FBA2-4DA4-A574-9CD31855C7DC}.Debug|iPhoneSimulator.Build.0 = Debug|iPhoneSimulator
		{4FF78474-FBA2-4DA4-A574-9CD31855C7DC}.Release|iPhoneSimulator.ActiveCfg = Release|iPhoneSimulator
		{4FF78474-FBA2-4DA4-A574-9CD31855C7DC}.Release|iPhoneSimulator.Build.0 = Release|iPhoneSimulator
		{4FF78474-FBA2-4DA4-A574-9CD31855C7DC}.Debug|iPhone.ActiveCfg = Debug|iPhone
		{4FF78474-FBA2-4DA4-A574-9CD31855C7DC}.Debug|iPhone.Build.0 = Debug|iPhone
		{4FF78474-FBA2-4DA4-A574-9CD31855C7DC}.Release|iPhone.ActiveCfg = Release|iPhone
		{4FF78474-FBA2-4DA4-A574-9CD31855C7DC}.Release|iPhone.Build.0 = Release|iPhone
		{BFA51BBB-9E92-415C-9303-9751873DCBC1}.Debug|Any CPU.ActiveCfg = Debug|Any CPU
		{BFA51BBB-9E92-415C-9303-9751873DCBC1}.Debug|Any CPU.Build.0 = Debug|Any CPU
		{BFA51BBB-9E92-415C-9303-9751873DCBC1}.Release|Any CPU.ActiveCfg = Release|Any CPU
		{BFA51BBB-9E92-415C-9303-9751873DCBC1}.Release|Any CPU.Build.0 = Release|Any CPU
		{BFA51BBB-9E92-415C-9303-9751873DCBC1}.Debug|iPhoneSimulator.ActiveCfg = Debug|Any CPU
		{BFA51BBB-9E92-415C-9303-9751873DCBC1}.Debug|iPhoneSimulator.Build.0 = Debug|Any CPU
		{BFA51BBB-9E92-415C-9303-9751873DCBC1}.Release|iPhoneSimulator.ActiveCfg = Release|Any CPU
		{BFA51BBB-9E92-415C-9303-9751873DCBC1}.Release|iPhoneSimulator.Build.0 = Release|Any CPU
		{BFA51BBB-9E92-415C-9303-9751873DCBC1}.Debug|iPhone.ActiveCfg = Debug|Any CPU
		{BFA51BBB-9E92-415C-9303-9751873DCBC1}.Debug|iPhone.Build.0 = Debug|Any CPU
		{BFA51BBB-9E92-415C-9303-9751873DCBC1}.Release|iPhone.ActiveCfg = Release|Any CPU
		{BFA51BBB-9E92-415C-9303-9751873DCBC1}.Release|iPhone.Build.0 = Release|Any CPU
		{D9C3012C-CD64-4665-9923-53C427129C5B}.Debug|Any CPU.ActiveCfg = Debug|Any CPU
		{D9C3012C-CD64-4665-9923-53C427129C5B}.Debug|Any CPU.Build.0 = Debug|Any CPU
		{D9C3012C-CD64-4665-9923-53C427129C5B}.Release|Any CPU.ActiveCfg = Release|Any CPU
		{D9C3012C-CD64-4665-9923-53C427129C5B}.Release|Any CPU.Build.0 = Release|Any CPU
		{D9C3012C-CD64-4665-9923-53C427129C5B}.Debug|iPhoneSimulator.ActiveCfg = Debug|Any CPU
		{D9C3012C-CD64-4665-9923-53C427129C5B}.Debug|iPhoneSimulator.Build.0 = Debug|Any CPU
		{D9C3012C-CD64-4665-9923-53C427129C5B}.Release|iPhoneSimulator.ActiveCfg = Release|Any CPU
		{D9C3012C-CD64-4665-9923-53C427129C5B}.Release|iPhoneSimulator.Build.0 = Release|Any CPU
		{D9C3012C-CD64-4665-9923-53C427129C5B}.Debug|iPhone.ActiveCfg = Debug|Any CPU
		{D9C3012C-CD64-4665-9923-53C427129C5B}.Debug|iPhone.Build.0 = Debug|Any CPU
		{D9C3012C-CD64-4665-9923-53C427129C5B}.Release|iPhone.ActiveCfg = Release|Any CPU
		{D9C3012C-CD64-4665-9923-53C427129C5B}.Release|iPhone.Build.0 = Release|Any CPU
		{1FC50124-2743-4E36-8CED-4CC38662D0C1}.Debug|Any CPU.ActiveCfg = Debug|Any CPU
		{1FC50124-2743-4E36-8CED-4CC38662D0C1}.Debug|Any CPU.Build.0 = Debug|Any CPU
		{1FC50124-2743-4E36-8CED-4CC38662D0C1}.Release|Any CPU.ActiveCfg = Release|Any CPU
		{1FC50124-2743-4E36-8CED-4CC38662D0C1}.Release|Any CPU.Build.0 = Release|Any CPU
		{1FC50124-2743-4E36-8CED-4CC38662D0C1}.Debug|iPhoneSimulator.ActiveCfg = Debug|Any CPU
		{1FC50124-2743-4E36-8CED-4CC38662D0C1}.Debug|iPhoneSimulator.Build.0 = Debug|Any CPU
		{1FC50124-2743-4E36-8CED-4CC38662D0C1}.Release|iPhoneSimulator.ActiveCfg = Release|Any CPU
		{1FC50124-2743-4E36-8CED-4CC38662D0C1}.Release|iPhoneSimulator.Build.0 = Release|Any CPU
		{1FC50124-2743-4E36-8CED-4CC38662D0C1}.Debug|iPhone.ActiveCfg = Debug|Any CPU
		{1FC50124-2743-4E36-8CED-4CC38662D0C1}.Debug|iPhone.Build.0 = Debug|Any CPU
		{1FC50124-2743-4E36-8CED-4CC38662D0C1}.Release|iPhone.ActiveCfg = Release|Any CPU
		{1FC50124-2743-4E36-8CED-4CC38662D0C1}.Release|iPhone.Build.0 = Release|Any CPU
	EndGlobalSection
EndGlobal
